# THIS IS AN AUTOGENERATED FILE. DO NOT EDIT THIS FILE DIRECTLY.
# yarn lockfile v1


tailwindcss-animated@^1.0.1:
  version "1.0.1"
  resolved "https://registry.yarnpkg.com/tailwindcss-animated/-/tailwindcss-animated-1.0.1.tgz#a2ab097848b5802dd824f65d65f2840fc5ec5c7e"
  integrity sha512-u5wusj89ZwP8I+s8WZlaAd7aZTWBN/XEG6QgMKpkIKmAf3xP1A6WYf7oYIKmGaB10UAQaSqWopi/i1ozzZEs8Q==
